{
  "object": {
    "pins": [
      {
        "package": "Get",
        "repositoryURL": "https://github.com/kean/Get",
        "state": {
          "branch": null,
          "revision": "4750914f0fc8ae6c20a52d028b413d0cebce87fc",
          "version": "2.1.4"
        }
      }
    ]
  },
  "version": 1
}
